
Microsoft Visual Studio Solution File, Format Version 12.00
# Visual Studio Version 17
VisualStudioVersion = 17.5.33502.453
MinimumVisualStudioVersion = 10.0.40219.1
Project("{9A19103F-16F7-4668-BE54-9A1E7A4F7556}") = "TappitTest", "TappitTest\TappitTest.csproj", "{65992F03-97A8-4D31-8E45-2BF31669146C}"
EndProject
Project("{FAE04EC0-301F-11D3-BF4B-00C04F79EFBC}") = "TappitUnitTests", "TappitUnitTests\TappitUnitTests.csproj", "{C1D3C6E2-4983-462C-BFA2-F65691DA3C5B}"
EndProject
Global
	GlobalSection(SolutionConfigurationPlatforms) = preSolution
		Debug|Any CPU = Debug|Any CPU
		Release|Any CPU = Release|Any CPU
	EndGlobalSection
	GlobalSection(ProjectConfigurationPlatforms) = postSolution
		{65992F03-97A8-4D31-8E45-2BF31669146C}.Debug|Any CPU.ActiveCfg = Debug|Any CPU
		{65992F03-97A8-4D31-8E45-2BF31669146C}.Debug|Any CPU.Build.0 = Debug|Any CPU
		{65992F03-97A8-4D31-8E45-2BF31669146C}.Release|Any CPU.ActiveCfg = Release|Any CPU
		{65992F03-97A8-4D31-8E45-2BF31669146C}.Release|Any CPU.Build.0 = Release|Any CPU
		{C1D3C6E2-4983-462C-BFA2-F65691DA3C5B}.Debug|Any CPU.ActiveCfg = Debug|Any CPU
		{C1D3C6E2-4983-462C-BFA2-F65691DA3C5B}.Debug|Any CPU.Build.0 = Debug|Any CPU
		{C1D3C6E2-4983-462C-BFA2-F65691DA3C5B}.Release|Any CPU.ActiveCfg = Release|Any CPU
		{C1D3C6E2-4983-462C-BFA2-F65691DA3C5B}.Release|Any CPU.Build.0 = Release|Any CPU
	EndGlobalSection
	GlobalSection(SolutionProperties) = preSolution
		HideSolutionNode = FALSE
	EndGlobalSection
	GlobalSection(ExtensibilityGlobals) = postSolution
		SolutionGuid = {A3929600-8FA9-4F03-965C-2506925E5E84}
	EndGlobalSection
EndGlobal
